
Microsoft Visual Studio Solution File, Format Version 12.00
Project("{FAE04EC0-301F-11D3-BF4B-00C04F79EFBC}") = "IntegerToRoman", "IntegerToRoman\IntegerToRoman.csproj", "{3D9F8771-BE1E-4E91-A139-49A37B68FA7D}"
EndProject
Global
	GlobalSection(SolutionConfigurationPlatforms) = preSolution
		Debug|Any CPU = Debug|Any CPU
		Release|Any CPU = Release|Any CPU
	EndGlobalSection
	GlobalSection(ProjectConfigurationPlatforms) = postSolution
		{3D9F8771-BE1E-4E91-A139-49A37B68FA7D}.Debug|Any CPU.ActiveCfg = Debug|Any CPU
		{3D9F8771-BE1E-4E91-A139-49A37B68FA7D}.Debug|Any CPU.Build.0 = Debug|Any CPU
		{3D9F8771-BE1E-4E91-A139-49A37B68FA7D}.Release|Any CPU.ActiveCfg = Release|Any CPU
		{3D9F8771-BE1E-4E91-A139-49A37B68FA7D}.Release|Any CPU.Build.0 = Release|Any CPU
	EndGlobalSection
EndGlobal
