
Microsoft Visual Studio Solution File, Format Version 12.00
Project("{FAE04EC0-301F-11D3-BF4B-00C04F79EFBC}") = "ValidAnagram242", "ValidAnagram242\ValidAnagram242.csproj", "{1BCA8091-3B29-4D15-BBE2-94A08F2211DE}"
EndProject
Global
	GlobalSection(SolutionConfigurationPlatforms) = preSolution
		Debug|Any CPU = Debug|Any CPU
		Release|Any CPU = Release|Any CPU
	EndGlobalSection
	GlobalSection(ProjectConfigurationPlatforms) = postSolution
		{1BCA8091-3B29-4D15-BBE2-94A08F2211DE}.Debug|Any CPU.ActiveCfg = Debug|Any CPU
		{1BCA8091-3B29-4D15-BBE2-94A08F2211DE}.Debug|Any CPU.Build.0 = Debug|Any CPU
		{1BCA8091-3B29-4D15-BBE2-94A08F2211DE}.Release|Any CPU.ActiveCfg = Release|Any CPU
		{1BCA8091-3B29-4D15-BBE2-94A08F2211DE}.Release|Any CPU.Build.0 = Release|Any CPU
	EndGlobalSection
EndGlobal
